
Microsoft Visual Studio Solution File, Format Version 12.00
# Visual Studio 15
VisualStudioVersion = 15.0.36617.4
MinimumVisualStudioVersion = 10.0.40219.1
Project("{FAE04EC0-301F-11D3-BF4B-00C04F79EFBC}") = "IS_385_PhamPhuongUyen", "IS_385_PhamPhuongUyen\IS_385_PhamPhuongUyen.csproj", "{FAE23DD7-A53F-4086-BCEA-7EF6A2D7C26D}"
EndProject
Global
	GlobalSection(SolutionConfigurationPlatforms) = preSolution
		Debug|Any CPU = Debug|Any CPU
		Release|Any CPU = Release|Any CPU
	EndGlobalSection
	GlobalSection(ProjectConfigurationPlatforms) = postSolution
		{FAE23DD7-A53F-4086-BCEA-7EF6A2D7C26D}.Debug|Any CPU.ActiveCfg = Debug|Any CPU
		{FAE23DD7-A53F-4086-BCEA-7EF6A2D7C26D}.Debug|Any CPU.Build.0 = Debug|Any CPU
		{FAE23DD7-A53F-4086-BCEA-7EF6A2D7C26D}.Release|Any CPU.ActiveCfg = Release|Any CPU
		{FAE23DD7-A53F-4086-BCEA-7EF6A2D7C26D}.Release|Any CPU.Build.0 = Release|Any CPU
	EndGlobalSection
	GlobalSection(SolutionProperties) = preSolution
		HideSolutionNode = FALSE
	EndGlobalSection
	GlobalSection(ExtensibilityGlobals) = postSolution
		SolutionGuid = {60D67625-3C8F-4208-A06E-203146AA5FF1}
	EndGlobalSection
EndGlobal
